
Microsoft Visual Studio Solution File, Format Version 12.00
# Visual Studio Version 17
VisualStudioVersion = 17.8.34322.80
MinimumVisualStudioVersion = 10.0.40219.1
Project("{FAE04EC0-301F-11D3-BF4B-00C04F79EFBC}") = "GymClassBooking", "GymClassBooking\GymClassBooking.csproj", "{2ED6008C-F325-416F-99FF-E97BD1288420}"
EndProject
Global
	GlobalSection(SolutionConfigurationPlatforms) = preSolution
		Debug|Any CPU = Debug|Any CPU
		Release|Any CPU = Release|Any CPU
	EndGlobalSection
	GlobalSection(ProjectConfigurationPlatforms) = postSolution
		{2ED6008C-F325-416F-99FF-E97BD1288420}.Debug|Any CPU.ActiveCfg = Debug|Any CPU
		{2ED6008C-F325-416F-99FF-E97BD1288420}.Debug|Any CPU.Build.0 = Debug|Any CPU
		{2ED6008C-F325-416F-99FF-E97BD1288420}.Release|Any CPU.ActiveCfg = Release|Any CPU
		{2ED6008C-F325-416F-99FF-E97BD1288420}.Release|Any CPU.Build.0 = Release|Any CPU
	EndGlobalSection
	GlobalSection(SolutionProperties) = preSolution
		HideSolutionNode = FALSE
	EndGlobalSection
	GlobalSection(ExtensibilityGlobals) = postSolution
		SolutionGuid = {8CD70BF2-8F63-496F-8713-6DF7DE50ED73}
	EndGlobalSection
EndGlobal
